
Microsoft Visual Studio Solution File, Format Version 12.00
# Visual Studio Version 17
VisualStudioVersion = 17.12.35707.178
MinimumVisualStudioVersion = 10.0.40219.1
Project("{FAE04EC0-301F-11D3-BF4B-00C04F79EFBC}") = "GlobalAnalytics.API", "GlobalAnalytics.API\GlobalAnalytics.API.csproj", "{8D1940AB-C915-4192-9825-A761EA74233D}"
EndProject
Project("{FAE04EC0-301F-11D3-BF4B-00C04F79EFBC}") = "GlobalAnalytics.Lib", "GlobalAnalytics.Lib\GlobalAnalytics.Lib.csproj", "{9DA56196-758A-4640-885A-3B76F8FF796F}"
EndProject
Project("{FAE04EC0-301F-11D3-BF4B-00C04F79EFBC}") = "GlobalAnalytics.Core", "GlobalAnalytics.Core\GlobalAnalytics.Core.csproj", "{9160E804-E737-4879-BF1F-2E0C431F7768}"
EndProject
Project("{FAE04EC0-301F-11D3-BF4B-00C04F79EFBC}") = "GlobalAnalytics.Data", "GlobalAnalytics.Data\GlobalAnalytics.Data.csproj", "{C1601575-1D23-4896-8F00-AF047EE2B8EC}"
EndProject
Project("{FAE04EC0-301F-11D3-BF4B-00C04F79EFBC}") = "GlobalAnalytics.Test", "GlobalAnalytics.Test\GlobalAnalytics.Test.csproj", "{EF111647-6044-481D-B727-4AA5CED23123}"
EndProject
Global
	GlobalSection(SolutionConfigurationPlatforms) = preSolution
		Debug|Any CPU = Debug|Any CPU
		Release|Any CPU = Release|Any CPU
	EndGlobalSection
	GlobalSection(ProjectConfigurationPlatforms) = postSolution
		{8D1940AB-C915-4192-9825-A761EA74233D}.Debug|Any CPU.ActiveCfg = Debug|Any CPU
		{8D1940AB-C915-4192-9825-A761EA74233D}.Debug|Any CPU.Build.0 = Debug|Any CPU
		{8D1940AB-C915-4192-9825-A761EA74233D}.Release|Any CPU.ActiveCfg = Release|Any CPU
		{8D1940AB-C915-4192-9825-A761EA74233D}.Release|Any CPU.Build.0 = Release|Any CPU
		{9DA56196-758A-4640-885A-3B76F8FF796F}.Debug|Any CPU.ActiveCfg = Debug|Any CPU
		{9DA56196-758A-4640-885A-3B76F8FF796F}.Debug|Any CPU.Build.0 = Debug|Any CPU
		{9DA56196-758A-4640-885A-3B76F8FF796F}.Release|Any CPU.ActiveCfg = Release|Any CPU
		{9DA56196-758A-4640-885A-3B76F8FF796F}.Release|Any CPU.Build.0 = Release|Any CPU
		{9160E804-E737-4879-BF1F-2E0C431F7768}.Debug|Any CPU.ActiveCfg = Debug|Any CPU
		{9160E804-E737-4879-BF1F-2E0C431F7768}.Debug|Any CPU.Build.0 = Debug|Any CPU
		{9160E804-E737-4879-BF1F-2E0C431F7768}.Release|Any CPU.ActiveCfg = Release|Any CPU
		{9160E804-E737-4879-BF1F-2E0C431F7768}.Release|Any CPU.Build.0 = Release|Any CPU
		{C1601575-1D23-4896-8F00-AF047EE2B8EC}.Debug|Any CPU.ActiveCfg = Debug|Any CPU
		{C1601575-1D23-4896-8F00-AF047EE2B8EC}.Debug|Any CPU.Build.0 = Debug|Any CPU
		{C1601575-1D23-4896-8F00-AF047EE2B8EC}.Release|Any CPU.ActiveCfg = Release|Any CPU
		{C1601575-1D23-4896-8F00-AF047EE2B8EC}.Release|Any CPU.Build.0 = Release|Any CPU
		{EF111647-6044-481D-B727-4AA5CED23123}.Debug|Any CPU.ActiveCfg = Debug|Any CPU
		{EF111647-6044-481D-B727-4AA5CED23123}.Debug|Any CPU.Build.0 = Debug|Any CPU
		{EF111647-6044-481D-B727-4AA5CED23123}.Release|Any CPU.ActiveCfg = Release|Any CPU
		{EF111647-6044-481D-B727-4AA5CED23123}.Release|Any CPU.Build.0 = Release|Any CPU
	EndGlobalSection
	GlobalSection(SolutionProperties) = preSolution
		HideSolutionNode = FALSE
	EndGlobalSection
EndGlobal
